# This file is generated by running "yarn install" inside your project.
# Manual changes might be lost - proceed with caution!

__metadata:
  version: 5

"kaffee-roesterei-main@workspace:.":
  version: 0.0.0-use.local
  resolution: "kaffee-roesterei-main@workspace:."
  languageName: unknown
  linkType: soft
